<?xml version="1.0" encoding="utf-8"?>
<Project ToolsVersion="4.0" xmlns="http://schemas.microsoft.com/developer/msbuild/2003">
  <ItemGroup>
    <ClCompile Include="main.cpp" />
    <ClCompile Include="UdpClient.cpp">
      <Filter>net</Filter>
    </ClCompile>
    <ClCompile Include="ByteStream.cpp">
      <Filter>net</Filter>
    </ClCompile>
    <ClCompile Include="Buffer.cpp">
      <Filter>net</Filter>
    </ClCompile>
    <ClCompile Include="SocketLayer.cpp">
      <Filter>net</Filter>
    </ClCompile>
    <ClCompile Include="Packet.cpp">
      <Filter>net</Filter>
    </ClCompile>
    <ClCompile Include="DebugBuffer.cpp">
      <Filter>net</Filter>
    </ClCompile>
    <ClCompile Include="PacketQueue.cpp">
      <Filter>net</Filter>
    </ClCompile>
    <ClCompile Include="UdpTraficGuide.cpp">
      <Filter>net</Filter>
    </ClCompile>
    <ClCompile Include="MiscFunctions.cpp">
      <Filter>net</Filter>
    </ClCompile>
    <ClCompile Include="CriticalSection.cpp">
      <Filter>net</Filter>
    </ClCompile>
  </ItemGroup>
  <ItemGroup>
    <ClInclude Include="main.h" />
    <ClInclude Include="UdpClient.h">
      <Filter>net</Filter>
    </ClInclude>
    <ClInclude Include="UdpClientInterface.h">
      <Filter>net</Filter>
    </ClInclude>
    <ClInclude Include="ByteStream.h">
      <Filter>net</Filter>
    </ClInclude>
    <ClInclude Include="Buffer.h">
      <Filter>net</Filter>
    </ClInclude>
    <ClInclude Include="SocketLayer.h">
      <Filter>net</Filter>
    </ClInclude>
    <ClInclude Include="Packet.h">
      <Filter>net</Filter>
    </ClInclude>
    <ClInclude Include="DebugBuffer.h">
      <Filter>net</Filter>
    </ClInclude>
    <ClInclude Include="PacketQueue.h">
      <Filter>net</Filter>
    </ClInclude>
    <ClInclude Include="UdpTraficGuide.h">
      <Filter>net</Filter>
    </ClInclude>
    <ClInclude Include="SystemPacketEnumerations.h">
      <Filter>net</Filter>
    </ClInclude>
    <ClInclude Include="MiscFunctions.h">
      <Filter>net</Filter>
    </ClInclude>
    <ClInclude Include="CriticalSection.h">
      <Filter>net</Filter>
    </ClInclude>
  </ItemGroup>
  <ItemGroup>
    <Filter Include="net">
      <UniqueIdentifier>{d2a087fa-ec7c-4e07-9e59-6671c26e3fc6}</UniqueIdentifier>
    </Filter>
  </ItemGroup>
</Project>